# @generated - this file is auto-generated by `mise lock` https://mise.jdx.dev/dev-tools/mise-lock.html

[[tools."aqua:BurntSushi/ripgrep"]]
version = "15.2.0"
backend = "aqua:BurntSushi/ripgrep"

[tools."aqua:BurntSushi/ripgrep"."platforms.linux-x64"]
checksum = "sha256:33e15bcf1624b25cdd2a55813a47a2f95dbe126268203e76aa6a585d1e7b149c"
url = "https://github.com/BurntSushi/ripgrep/releases/download/15.2.0/ripgrep-15.2.0-x86_64-unknown-linux-musl.tar.gz"
url_api = "https://api.github.com/repos/BurntSushi/ripgrep/releases/assets/478120097"

[tools."aqua:BurntSushi/ripgrep"."platforms.macos-arm64"]
checksum = "sha256:3750b2e93f37e0c692657da574d7019a101c0084da05a790c83fd335bad973e4"
url = "https://github.com/BurntSushi/ripgrep/releases/download/15.2.0/ripgrep-15.2.0-aarch64-apple-darwin.tar.gz"
url_api = "https://api.github.com/repos/BurntSushi/ripgrep/releases/assets/478118851"

[tools."aqua:BurntSushi/ripgrep"."platforms.windows-x64"]
checksum = "sha256:71b2fef860abe467217a538ff31de02f5258807c0129f771846f87bd029aafc5"
url = "https://github.com/BurntSushi/ripgrep/releases/download/15.2.0/ripgrep-15.2.0-x86_64-pc-windows-msvc.zip"
url_api = "https://api.github.com/repos/BurntSushi/ripgrep/releases/assets/478119643"

[[tools."aqua:dandavison/delta"]]
version = "0.19.2"
backend = "aqua:dandavison/delta"

[tools."aqua:dandavison/delta"."platforms.linux-x64"]
checksum = "sha256:8e695c5f586a8c53d6c3b01be0b4a422ed218bfed2a56191caebe373a1c18ab2"
url = "https://github.com/dandavison/delta/releases/download/0.19.2/delta-0.19.2-x86_64-unknown-linux-gnu.tar.gz"
url_api = "https://api.github.com/repos/dandavison/delta/releases/assets/383662069"

[tools."aqua:dandavison/delta"."platforms.macos-arm64"]
checksum = "sha256:9be36612a5a13e9e386dc498fb8e50dc87c72ee42b63db0ea05b32f99a72a69a"
url = "https://github.com/dandavison/delta/releases/download/0.19.2/delta-0.19.2-aarch64-apple-darwin.tar.gz"
url_api = "https://api.github.com/repos/dandavison/delta/releases/assets/383662310"

[tools."aqua:dandavison/delta"."platforms.windows-x64"]
checksum = "sha256:ac8ebb4a9f1cbee8b9ea897ba119808a244181adae6f3bed1f3b6b923c50b557"
url = "https://github.com/dandavison/delta/releases/download/0.19.2/delta-0.19.2-x86_64-pc-windows-msvc.zip"
url_api = "https://api.github.com/repos/dandavison/delta/releases/assets/383663165"

[[tools."aqua:jdx/usage"]]
version = "3.5.6"
backend = "aqua:jdx/usage"

[tools."aqua:jdx/usage"."platforms.linux-x64"]
checksum = "sha256:79d5dcd47b06a400610cd3aad7370c4ab2e1315c1336611b0dc4167972bb7246"
url = "https://github.com/jdx/usage/releases/download/v3.5.6/usage-x86_64-unknown-linux-gnu.tar.gz"
url_api = "https://api.github.com/repos/jdx/usage/releases/assets/484565238"

[tools."aqua:jdx/usage"."platforms.macos-arm64"]
checksum = "sha256:1918694d9f277971b5796b113525b6c3201b3de4c4161f2585dc32bb3aca3eb0"
url = "https://github.com/jdx/usage/releases/download/v3.5.6/usage-universal-apple-darwin.tar.gz"
url_api = "https://api.github.com/repos/jdx/usage/releases/assets/484567363"

[tools."aqua:jdx/usage"."platforms.windows-x64"]
checksum = "sha256:8a607cb23d8ca7cc763273961b2632898f92aab5b0d2006e5715bcb82340dde2"
url = "https://github.com/jdx/usage/releases/download/v3.5.6/usage-x86_64-pc-windows-msvc.zip"
url_api = "https://api.github.com/repos/jdx/usage/releases/assets/484567693"

[[tools."aqua:jesseduffield/lazygit"]]
version = "0.63.1"
backend = "aqua:jesseduffield/lazygit"

[tools."aqua:jesseduffield/lazygit"."platforms.linux-x64"]
checksum = "sha256:8e033bc78c8e192dee9510e951f6c9e154289b7198d22c924ed1d0a951b0dac1"
url = "https://github.com/jesseduffield/lazygit/releases/download/v0.63.1/lazygit_0.63.1_linux_x86_64.tar.gz"
url_api = "https://api.github.com/repos/jesseduffield/lazygit/releases/assets/477867706"

[tools."aqua:jesseduffield/lazygit"."platforms.macos-arm64"]
checksum = "sha256:b963e9d0a1f4649708c594ac6c999cdcd435f8e679e220e78e87c4642badedd6"
url = "https://github.com/jesseduffield/lazygit/releases/download/v0.63.1/lazygit_0.63.1_darwin_arm64.tar.gz"
url_api = "https://api.github.com/repos/jesseduffield/lazygit/releases/assets/477867701"

[tools."aqua:jesseduffield/lazygit"."platforms.windows-x64"]
checksum = "sha256:230721fb5f0d5c0e91555bd4bd76f5213477b116027f1c0fe222b70d49f58ea0"
url = "https://github.com/jesseduffield/lazygit/releases/download/v0.63.1/lazygit_0.63.1_windows_x86_64.zip"
url_api = "https://api.github.com/repos/jesseduffield/lazygit/releases/assets/477867700"

[[tools."aqua:junegunn/fzf"]]
version = "0.74.0"
backend = "aqua:junegunn/fzf"

[tools."aqua:junegunn/fzf"."platforms.linux-x64"]
checksum = "sha256:cf919f05b7581b4c744d764eaa704665d61dd6d3ca785f0df2351281dff60cda"
url = "https://github.com/junegunn/fzf/releases/download/v0.74.0/fzf-0.74.0-linux_amd64.tar.gz"
url_api = "https://api.github.com/repos/junegunn/fzf/releases/assets/468106615"

[tools."aqua:junegunn/fzf"."platforms.macos-arm64"]
checksum = "sha256:da60e8980e4239a0fc5f1fcfe873f243dfda93a6a13b696b00e1dc8584a77a87"
url = "https://github.com/junegunn/fzf/releases/download/v0.74.0/fzf-0.74.0-darwin_arm64.tar.gz"
url_api = "https://api.github.com/repos/junegunn/fzf/releases/assets/468106617"

[tools."aqua:junegunn/fzf"."platforms.windows-x64"]
checksum = "sha256:614efa4ea923a3d6715856b5f6fb6ce815acdb0ce549e7499202808f7a7a78e7"
url = "https://github.com/junegunn/fzf/releases/download/v0.74.0/fzf-0.74.0-windows_amd64.zip"
url_api = "https://api.github.com/repos/junegunn/fzf/releases/assets/468106560"

[[tools."aqua:lsd-rs/lsd"]]
version = "1.2.0"
backend = "aqua:lsd-rs/lsd"

[tools."aqua:lsd-rs/lsd"."platforms.linux-x64"]
checksum = "sha256:57d3b5859254adcfb8374ce98159cca97a14959997d2ae1176d2cff59556d829"
url = "https://github.com/lsd-rs/lsd/releases/download/v1.2.0/lsd-v1.2.0-x86_64-unknown-linux-gnu.tar.gz"
url_api = "https://api.github.com/repos/lsd-rs/lsd/releases/assets/303319829"

[tools."aqua:lsd-rs/lsd"."platforms.macos-arm64"]
checksum = "sha256:9e34a5d392ff913302098aad0543dafa1883c531eaf229b82f086c3fca675e3e"
url = "https://github.com/lsd-rs/lsd/releases/download/v1.2.0/lsd-v1.2.0-aarch64-apple-darwin.tar.gz"
url_api = "https://api.github.com/repos/lsd-rs/lsd/releases/assets/303319340"

[tools."aqua:lsd-rs/lsd"."platforms.windows-x64"]
checksum = "sha256:a65b9f457153934a7ce1f7e0fe1c4922a95bb2822222126e4fbaa6ee9c0d78e5"
url = "https://github.com/lsd-rs/lsd/releases/download/v1.2.0/lsd-v1.2.0-x86_64-pc-windows-msvc.zip"
url_api = "https://api.github.com/repos/lsd-rs/lsd/releases/assets/303320206"

[[tools."aqua:neovim/neovim"]]
version = "0.12.4"
backend = "aqua:neovim/neovim"

[tools."aqua:neovim/neovim"."platforms.linux-x64"]
checksum = "sha256:012bf3fcac5ade43914df3f174668bf64d05e049a4f032a388c027b1ebd78628"
url = "https://github.com/neovim/neovim/releases/download/v0.12.4/nvim-linux-x86_64.tar.gz"
url_api = "https://api.github.com/repos/neovim/neovim/releases/assets/467170630"

[tools."aqua:neovim/neovim"."platforms.macos-arm64"]
checksum = "sha256:51ab83afa66d663627c2ab1be43209b0f4e81360d4598b53efaa4d8195f24c89"
url = "https://github.com/neovim/neovim/releases/download/v0.12.4/nvim-macos-arm64.tar.gz"
url_api = "https://api.github.com/repos/neovim/neovim/releases/assets/467170626"

[tools."aqua:neovim/neovim"."platforms.windows-x64"]
checksum = "sha256:9fc3572829ffd13debb6e32555da2c8cc02555568260a9fc4cf1f65bbcca319c"
url = "https://github.com/neovim/neovim/releases/download/v0.12.4/nvim-win64.zip"
url_api = "https://api.github.com/repos/neovim/neovim/releases/assets/467170653"

[[tools."aqua:rossmacarthur/sheldon"]]
version = "0.8.5"
backend = "aqua:rossmacarthur/sheldon"

[tools."aqua:rossmacarthur/sheldon"."platforms.linux-x64"]
checksum = "sha256:80aa0be617072c278d67fd6c5fbce4903d3801d78b6abf8f058f0648d2242c78"
url = "https://github.com/rossmacarthur/sheldon/releases/download/0.8.5/sheldon-0.8.5-x86_64-unknown-linux-musl.tar.gz"
url_api = "https://api.github.com/repos/rossmacarthur/sheldon/releases/assets/275183514"

[tools."aqua:rossmacarthur/sheldon"."platforms.macos-arm64"]
checksum = "sha256:6e47f10a25f165b095eb2bde1ab617d4d34ad6f3ff2ca984167ca94fadd52730"
url = "https://github.com/rossmacarthur/sheldon/releases/download/0.8.5/sheldon-0.8.5-aarch64-apple-darwin.tar.gz"
url_api = "https://api.github.com/repos/rossmacarthur/sheldon/releases/assets/275183435"

[[tools."aqua:sharkdp/bat"]]
version = "0.26.1"
backend = "aqua:sharkdp/bat"

[tools."aqua:sharkdp/bat"."platforms.linux-x64"]
checksum = "sha256:726f04c8f576a7fd18b7634f1bbf2f915c43494c1c0f013baa3287edb0d5a2a3"
url = "https://github.com/sharkdp/bat/releases/download/v0.26.1/bat-v0.26.1-x86_64-unknown-linux-gnu.tar.gz"
url_api = "https://api.github.com/repos/sharkdp/bat/releases/assets/323549181"

[tools."aqua:sharkdp/bat"."platforms.macos-arm64"]
checksum = "sha256:e30beff26779c9bf60bb541e1d79046250cb74378f2757f8eb250afddb19e114"
url = "https://github.com/sharkdp/bat/releases/download/v0.26.1/bat-v0.26.1-aarch64-apple-darwin.tar.gz"
url_api = "https://api.github.com/repos/sharkdp/bat/releases/assets/323548442"

[tools."aqua:sharkdp/bat"."platforms.windows-x64"]
checksum = "sha256:0f729b4b6f5f28d395c641eacc2e9ff68d0096b85aa0eec344aa62425144b69b"
url = "https://github.com/sharkdp/bat/releases/download/v0.26.1/bat-v0.26.1-x86_64-pc-windows-msvc.zip"
url_api = "https://api.github.com/repos/sharkdp/bat/releases/assets/323549116"

[[tools."aqua:sharkdp/fd"]]
version = "10.4.2"
backend = "aqua:sharkdp/fd"

[tools."aqua:sharkdp/fd"."platforms.linux-x64"]
checksum = "sha256:def59805cd14b5651b68990855f426ad087f3b96881296d963910431ba3143c8"
url = "https://github.com/sharkdp/fd/releases/download/v10.4.2/fd-v10.4.2-x86_64-unknown-linux-gnu.tar.gz"
url_api = "https://api.github.com/repos/sharkdp/fd/releases/assets/370662118"

[tools."aqua:sharkdp/fd"."platforms.macos-arm64"]
checksum = "sha256:623dc0afc81b92e4d4606b380d7bc91916ba7b97814263e554d50923a39e480a"
url = "https://github.com/sharkdp/fd/releases/download/v10.4.2/fd-v10.4.2-aarch64-apple-darwin.tar.gz"
url_api = "https://api.github.com/repos/sharkdp/fd/releases/assets/370661116"

[tools."aqua:sharkdp/fd"."platforms.windows-x64"]
checksum = "sha256:b2816e506390a89941c63c9187d58a3cc10e9a55f2ef0685f9ea0eccaf7c98c8"
url = "https://github.com/sharkdp/fd/releases/download/v10.4.2/fd-v10.4.2-x86_64-pc-windows-msvc.zip"
url_api = "https://api.github.com/repos/sharkdp/fd/releases/assets/370661516"

[[tools."aqua:starship/starship"]]
version = "1.26.0"
backend = "aqua:starship/starship"

[tools."aqua:starship/starship"."platforms.linux-x64"]
checksum = "sha256:321f0dd7af8340a5f2e6a8fec6538a04f617486f9ec70d878f91c09cd8deef22"
url = "https://github.com/starship/starship/releases/download/v1.26.0/starship-x86_64-unknown-linux-gnu.tar.gz"
url_api = "https://api.github.com/repos/starship/starship/releases/assets/460374620"

[tools."aqua:starship/starship"."platforms.macos-arm64"]
checksum = "sha256:c40b27b11f580411e068f2fa6c1be7830a387c0bc47a94d1d37f32b054c5361d"
url = "https://github.com/starship/starship/releases/download/v1.26.0/starship-aarch64-apple-darwin.tar.gz"
url_api = "https://api.github.com/repos/starship/starship/releases/assets/460374577"

[tools."aqua:starship/starship"."platforms.windows-x64"]
checksum = "sha256:690021e22f2bf2c57d5867dc0fababe5e55e714c26942bd909ffddb6c5df42f2"
url = "https://github.com/starship/starship/releases/download/v1.26.0/starship-x86_64-pc-windows-msvc.zip"
url_api = "https://api.github.com/repos/starship/starship/releases/assets/460374615"

[[tools."aqua:twpayne/chezmoi"]]
version = "2.71.0"
backend = "aqua:twpayne/chezmoi"

[tools."aqua:twpayne/chezmoi"."platforms.linux-x64"]
checksum = "sha256:6ea2040ecc0e82d3dac604289e100b0157afefcd94ebb818e5f6e31655156d34"
url = "https://github.com/twpayne/chezmoi/releases/download/v2.71.0/chezmoi_2.71.0_linux-glibc_amd64.tar.gz"
url_api = "https://api.github.com/repos/twpayne/chezmoi/releases/assets/469677958"
provenance = "cosign"

[tools."aqua:twpayne/chezmoi"."platforms.macos-arm64"]
checksum = "sha256:8b03d7be6b5d500a503c712ae6da7dd6817b6c3328223b4ae8be7a8be5a2fa3a"
url = "https://github.com/twpayne/chezmoi/releases/download/v2.71.0/chezmoi_2.71.0_darwin_arm64.tar.gz"
url_api = "https://api.github.com/repos/twpayne/chezmoi/releases/assets/469677947"
provenance = "cosign"

[tools."aqua:twpayne/chezmoi"."platforms.windows-x64"]
checksum = "sha256:18e8a7956b873583f4d53dde850d38fcc2e1cb8b821d90dc3f05cec8054e538c"
url = "https://github.com/twpayne/chezmoi/releases/download/v2.71.0/chezmoi_2.71.0_windows_amd64.zip"
url_api = "https://api.github.com/repos/twpayne/chezmoi/releases/assets/469677953"
provenance = "cosign"

[[tools.bun]]
version = "1.3.14"
backend = "core:bun"

[tools.bun."platforms.linux-x64"]
checksum = "sha256:951ee2aee855f08595aeec6225226a298d3fea83a3dcd6465c09cbccdf7e848f"
url = "https://github.com/oven-sh/bun/releases/download/bun-v1.3.14/bun-linux-x64.zip"

[tools.bun."platforms.linux-x64-baseline"]
checksum = "sha256:a063908ae08b7852ca10939bbdc6ceed3ddabce8fb9402dce83d65d73b36e6c7"
url = "https://github.com/oven-sh/bun/releases/download/bun-v1.3.14/bun-linux-x64-baseline.zip"

[tools.bun."platforms.linux-x64-musl"]
checksum = "sha256:14bd9aedeebf1dba67e8def9531c89bc989ecfdf1de42e5bfcaf1b8cd9294719"
url = "https://github.com/oven-sh/bun/releases/download/bun-v1.3.14/bun-linux-x64-musl.zip"

[tools.bun."platforms.linux-x64-musl-baseline"]
checksum = "sha256:56a7d6806cf155536c0178f0ea5fbd098e684fa509ebdb4fc0a7e19fb65382dc"
url = "https://github.com/oven-sh/bun/releases/download/bun-v1.3.14/bun-linux-x64-musl-baseline.zip"

[tools.bun."platforms.macos-arm64"]
checksum = "sha256:d8b96221828ad6f97ac7ac0ab7e95872341af763001e8803e8267652c2652620"
url = "https://github.com/oven-sh/bun/releases/download/bun-v1.3.14/bun-darwin-aarch64.zip"

[tools.bun."platforms.windows-x64"]
checksum = "sha256:0a0620930b6675d7ba440e81f4e0e00d3cfbe096c4b140d3fff02205e9e18922"
url = "https://github.com/oven-sh/bun/releases/download/bun-v1.3.14/bun-windows-x64.zip"

[tools.bun."platforms.windows-x64-baseline"]
checksum = "sha256:538f9c846355d9e847b2671bc00c47da4229a0befb24df3282b739770f3b475f"
url = "https://github.com/oven-sh/bun/releases/download/bun-v1.3.14/bun-windows-x64-baseline.zip"

[[tools.go]]
version = "1.26.5"
backend = "core:go"

[tools.go."platforms.linux-x64"]
checksum = "sha256:5c2c3b16caefa1d968a94c1daca04a7ca301a496d9b086e17ad77bb81393f053"
url = "https://dl.google.com/go/go1.26.5.linux-amd64.tar.gz"

[tools.go."platforms.macos-arm64"]
checksum = "sha256:efb87ff28af9a188d0536ef5d42e63dd52ba8263cd7344a993cc48dd11dedb6a"
url = "https://dl.google.com/go/go1.26.5.darwin-arm64.tar.gz"

[tools.go."platforms.windows-x64"]
checksum = "sha256:97e6b2a833b6d89f9ff17d25419ac0a7e3b482a044e9ab18cdef834bd834fd38"
url = "https://dl.google.com/go/go1.26.5.windows-amd64.zip"

[[tools.node]]
version = "24.18.0"
backend = "core:node"

[tools.node."platforms.linux-x64"]
checksum = "sha256:783130984963db7ba9cbd01089eaf2c2efb055c7c1693c943174b967b3050cb8"
url = "https://nodejs.org/dist/v24.18.0/node-v24.18.0-linux-x64.tar.gz"

[tools.node."platforms.macos-arm64"]
checksum = "sha256:e1a97e14c99c803e96c7339403282ea05a499c32f8d83defe9ef5ec66f979ed1"
url = "https://nodejs.org/dist/v24.18.0/node-v24.18.0-darwin-arm64.tar.gz"

[tools.node."platforms.windows-x64"]
checksum = "sha256:0ae68406b42d7725661da979b1403ec9926da205c6770827f33aac9d8f26e821"
url = "https://nodejs.org/dist/v24.18.0/node-v24.18.0-win-x64.zip"

[[tools.python]]
version = "3.14.6"
backend = "core:python"

[tools.python."platforms.linux-x64"]
checksum = "sha256:c172314f4a8ec137a8f605289010c3d19c8b56867d968f0095074cc68efa1d29"
url = "https://github.com/astral-sh/python-build-standalone/releases/download/20260623/cpython-3.14.6+20260623-x86_64-unknown-linux-gnu-install_only_stripped.tar.gz"
provenance = "github-attestations"

[tools.python."platforms.macos-arm64"]
checksum = "sha256:35d774f61d63c1fd4f1bc9495a7ada92e500dc4382a0df8a9910eb87ea48e8cf"
url = "https://github.com/astral-sh/python-build-standalone/releases/download/20260623/cpython-3.14.6+20260623-aarch64-apple-darwin-install_only_stripped.tar.gz"
provenance = "github-attestations"

[tools.python."platforms.windows-x64"]
checksum = "sha256:ec05b628ad749682d06d225780fbc02e7bbb5ce2146c9bd8e74a3659b14b693a"
url = "https://github.com/astral-sh/python-build-standalone/releases/download/20260623/cpython-3.14.6+20260623-x86_64-pc-windows-msvc-install_only_stripped.tar.gz"
provenance = "github-attestations"

[[tools.rust]]
version = "stable"
backend = "core:rust"
